
Microsoft Visual Studio Solution File, Format Version 12.00
# Visual Studio Version 17
VisualStudioVersion = 17.4.33205.214
MinimumVisualStudioVersion = 10.0.40219.1
Project("{9A19103F-16F7-4668-BE54-9A1E7A4F7556}") = "MergeTest.ConsoleApp", "MergeTest.ConsoleApp.csproj", "{DFDA0C84-4495-4CB3-A1C6-89B0A60CFC2B}"
EndProject
Global
	GlobalSection(SolutionConfigurationPlatforms) = preSolution
		Debug|Any CPU = Debug|Any CPU
		Release|Any CPU = Release|Any CPU
	EndGlobalSection
	GlobalSection(ProjectConfigurationPlatforms) = postSolution
		{DFDA0C84-4495-4CB3-A1C6-89B0A60CFC2B}.Debug|Any CPU.ActiveCfg = Debug|Any CPU
		{DFDA0C84-4495-4CB3-A1C6-89B0A60CFC2B}.Debug|Any CPU.Build.0 = Debug|Any CPU
		{DFDA0C84-4495-4CB3-A1C6-89B0A60CFC2B}.Release|Any CPU.ActiveCfg = Release|Any CPU
		{DFDA0C84-4495-4CB3-A1C6-89B0A60CFC2B}.Release|Any CPU.Build.0 = Release|Any CPU
	EndGlobalSection
	GlobalSection(SolutionProperties) = preSolution
		HideSolutionNode = FALSE
	EndGlobalSection
	GlobalSection(ExtensibilityGlobals) = postSolution
		SolutionGuid = {42AEE201-1632-4AF9-B034-AA816B9DE366}
	EndGlobalSection
EndGlobal
